
Microsoft Visual Studio Solution File, Format Version 12.00
# Visual Studio 15
VisualStudioVersion = 15.0.26430.14
MinimumVisualStudioVersion = 10.0.40219.1
Project("{FAE04EC0-301F-11D3-BF4B-00C04F79EFBC}") = "SanityArchiver", "SanityArchiver\SanityArchiver.csproj", "{35107272-B74C-4805-A32A-52E162116A58}"
EndProject
Project("{FAE04EC0-301F-11D3-BF4B-00C04F79EFBC}") = "SanityArchiverLogic", "SanityArchiverLogic\SanityArchiverLogic.csproj", "{2D8BD919-655B-40DD-A826-6171F7F86DC7}"
EndProject
Global
	GlobalSection(SolutionConfigurationPlatforms) = preSolution
		Debug|Any CPU = Debug|Any CPU
		Release|Any CPU = Release|Any CPU
	EndGlobalSection
	GlobalSection(ProjectConfigurationPlatforms) = postSolution
		{35107272-B74C-4805-A32A-52E162116A58}.Debug|Any CPU.ActiveCfg = Debug|Any CPU
		{35107272-B74C-4805-A32A-52E162116A58}.Debug|Any CPU.Build.0 = Debug|Any CPU
		{35107272-B74C-4805-A32A-52E162116A58}.Release|Any CPU.ActiveCfg = Release|Any CPU
		{35107272-B74C-4805-A32A-52E162116A58}.Release|Any CPU.Build.0 = Release|Any CPU
		{2D8BD919-655B-40DD-A826-6171F7F86DC7}.Debug|Any CPU.ActiveCfg = Debug|Any CPU
		{2D8BD919-655B-40DD-A826-6171F7F86DC7}.Debug|Any CPU.Build.0 = Debug|Any CPU
		{2D8BD919-655B-40DD-A826-6171F7F86DC7}.Release|Any CPU.ActiveCfg = Release|Any CPU
		{2D8BD919-655B-40DD-A826-6171F7F86DC7}.Release|Any CPU.Build.0 = Release|Any CPU
	EndGlobalSection
	GlobalSection(SolutionProperties) = preSolution
		HideSolutionNode = FALSE
	EndGlobalSection
EndGlobal
